
Microsoft Visual Studio Solution File, Format Version 11.00
# Visual Studio 2010
Project("{FAE04EC0-301F-11D3-BF4B-00C04F79EFBC}") = "OpenPackageCreator", "OpenPackageCreator\OpenPackageCreator.csproj", "{E78AE0C0-B01A-419A-BA26-4C338351ED75}"
EndProject
Global
	GlobalSection(SolutionConfigurationPlatforms) = preSolution
		Debug|x86 = Debug|x86
		Release|x86 = Release|x86
	EndGlobalSection
	GlobalSection(ProjectConfigurationPlatforms) = postSolution
		{E78AE0C0-B01A-419A-BA26-4C338351ED75}.Debug|x86.ActiveCfg = Debug|x86
		{E78AE0C0-B01A-419A-BA26-4C338351ED75}.Debug|x86.Build.0 = Debug|x86
		{E78AE0C0-B01A-419A-BA26-4C338351ED75}.Release|x86.ActiveCfg = Release|x86
		{E78AE0C0-B01A-419A-BA26-4C338351ED75}.Release|x86.Build.0 = Release|x86
	EndGlobalSection
	GlobalSection(SolutionProperties) = preSolution
		HideSolutionNode = FALSE
	EndGlobalSection
EndGlobal
